{
  "name": "@niko-cli/exec",
  "version": "1.0.7",
  "lockfileVersion": 2,
  "requires": true,
  "packages": {
    "": {
      "name": "@niko-cli/exec",
      "version": "1.0.7",
      "license": "ISC",
      "dependencies": {
        "@niko-cli/log": "^1.0.4",
        "@niko-cli/package": "^1.0.7",
        "@niko-cli/utils": "^1.0.4"
      }
    },
    "../../models/package": {
      "name": "@niko-cli/package",
      "version": "1.0.2",
      "license": "ISC",
      "dependencies": {
        "@niko-cli/format-path": "file:../../utils/format-path",
        "@niko-cli/get-npm-info": "file:../../utils/get-npm-info",
        "@niko-cli/to-type": "file:../../utils/to-type",
        "fs-extra": "^11.1.0",
        "npminstall": "^7.5.0",
        "path-exists": "^4.0.0",
        "pkg-dir": "^5.0.0"
      }
    },
    "../../utils/log": {
      "name": "@niko-cli/log",
      "version": "1.0.2",
      "license": "ISC",
      "dependencies": {
        "npmlog": "^7.0.1"
      }
    },
    "../../utils/utils": {
      "version": "1.0.2",
      "license": "ISC",
      "dependencies": {
        "ora": "^5.0.0"
      }
    },
    "node_modules/@niko-cli/log": {
      "resolved": "../../utils/log",
      "link": true
    },
    "node_modules/@niko-cli/package": {
      "resolved": "../../models/package",
      "link": true
    },
    "node_modules/@niko-cli/utils": {
      "resolved": "../../utils/utils",
      "link": true
    }
  },
  "dependencies": {
    "@niko-cli/log": {
      "version": "file:../../utils/log",
      "requires": {
        "npmlog": "^7.0.1"
      }
    },
    "@niko-cli/package": {
      "version": "file:../../models/package",
      "requires": {
        "@niko-cli/format-path": "file:../../utils/format-path",
        "@niko-cli/get-npm-info": "file:../../utils/get-npm-info",
        "@niko-cli/to-type": "file:../../utils/to-type",
        "fs-extra": "^11.1.0",
        "npminstall": "^7.5.0",
        "path-exists": "^4.0.0",
        "pkg-dir": "^5.0.0"
      }
    },
    "@niko-cli/utils": {
      "version": "file:../../utils/utils",
      "requires": {
        "ora": "^5.0.0"
      }
    }
  }
}
